{
  "nodes": {
    "android-nixpkgs": {
      "inputs": {
        "devshell": "devshell",
        "flake-utils": "flake-utils",
        "nixpkgs": [
          "nixpkgs"
        ]
      },
      "locked": {
        "lastModified": 1635798037,
        "narHash": "sha256-bwYjEZUjISY4mBf4UGnsbp1s+wF27y4nU0qJtmB2dzw=",
        "owner": "tadfisher",
        "repo": "android-nixpkgs",
        "rev": "afce63771eab7b8c9b0cb0872d64e05b78315f49",
        "type": "github"
      },
      "original": {
        "owner": "tadfisher",
        "repo": "android-nixpkgs",
        "type": "github"
      }
    },
    "darwin": {
      "inputs": {
        "nixpkgs": [
          "nixpkgs"
        ]
      },
      "locked": {
        "lastModified": 1622060422,
        "narHash": "sha256-hPVlvrAyf6zL7tTx0lpK+tMxEfZeMiIZ/A2xaJ41WOY=",
        "owner": "LnL7",
        "repo": "nix-darwin",
        "rev": "007d700e644ac588ad6668e6439950a5b6e2ff64",
        "type": "github"
      },
      "original": {
        "owner": "LnL7",
        "repo": "nix-darwin",
        "type": "github"
      }
    },
    "devshell": {
      "locked": {
        "lastModified": 1631528035,
        "narHash": "sha256-ZV4+WsrF1uaAOM2ynGzWD5dCmrWpKc+Rj1hZkodEPQY=",
        "owner": "numtide",
        "repo": "devshell",
        "rev": "dd0d585d2ed42b9d226673dd56d4fe2dfd0bf0dc",
        "type": "github"
      },
      "original": {
        "owner": "numtide",
        "repo": "devshell",
        "type": "github"
      }
    },
    "emacs-overlay": {
      "locked": {
        "lastModified": 1635849715,
        "narHash": "sha256-gHbdX7nJOGZ9lZU9EwSPMh3hj7ojO8dlo8VyDH0Hpa0=",
        "owner": "nix-community",
        "repo": "emacs-overlay",
        "rev": "8a408af9df1cd99b7f198136edc229071c1389d3",
        "type": "github"
      },
      "original": {
        "owner": "nix-community",
        "repo": "emacs-overlay",
        "type": "github"
      }
    },
    "fast-syntax-highlighting": {
      "flake": false,
      "locked": {
        "lastModified": 1635760466,
        "narHash": "sha256-TeJ4dPynF5RWoaroKxWF5hxyu56k0ZibRsdbjMKqe5s=",
        "owner": "zdharma-continuum",
        "repo": "fast-syntax-highlighting",
        "rev": "9a5a4a5199e7e480009e10433d0d8c5be91f31d4",
        "type": "github"
      },
      "original": {
        "owner": "zdharma-continuum",
        "repo": "fast-syntax-highlighting",
        "type": "github"
      }
    },
    "flake-compat": {
      "flake": false,
      "locked": {
        "lastModified": 1627913399,
        "narHash": "sha256-hY8g6H2KFL8ownSiFeMOjwPC8P0ueXpCVEbxgda3pko=",
        "owner": "edolstra",
        "repo": "flake-compat",
        "rev": "12c64ca55c1014cdc1b16ed5a804aa8576601ff2",
        "type": "github"
      },
      "original": {
        "owner": "edolstra",
        "repo": "flake-compat",
        "type": "github"
      }
    },
    "flake-utils": {
      "locked": {
        "lastModified": 1631561581,
        "narHash": "sha256-3VQMV5zvxaVLvqqUrNz3iJelLw30mIVSfZmAaauM3dA=",
        "owner": "numtide",
        "repo": "flake-utils",
        "rev": "7e5bf3925f6fbdfaf50a2a7ca0be2879c4261d19",
        "type": "github"
      },
      "original": {
        "owner": "numtide",
        "repo": "flake-utils",
        "type": "github"
      }
    },
    "flake-utils_2": {
      "locked": {
        "lastModified": 1634851050,
        "narHash": "sha256-N83GlSGPJJdcqhUxSCS/WwW5pksYf3VP1M13cDRTSVA=",
        "owner": "numtide",
        "repo": "flake-utils",
        "rev": "c91f3de5adaf1de973b797ef7485e441a65b8935",
        "type": "github"
      },
      "original": {
        "owner": "numtide",
        "repo": "flake-utils",
        "type": "github"
      }
    },
    "fzf-tab": {
      "flake": false,
      "locked": {
        "lastModified": 1635579616,
        "narHash": "sha256-NkE/7UwksNvf22kChqOk1HjXVcl9z4VuP0sRFE+FW5Q=",
        "owner": "Aloxaf",
        "repo": "fzf-tab",
        "rev": "e3fae7478fc365a04a06b9972b04766ffed78c1c",
        "type": "github"
      },
      "original": {
        "owner": "Aloxaf",
        "repo": "fzf-tab",
        "type": "github"
      }
    },
    "home-manager": {
      "inputs": {
        "nixpkgs": [
          "nixpkgs"
        ]
      },
      "locked": {
        "lastModified": 1624417001,
        "narHash": "sha256-IQZwbBBmvtNZGz1dogf2TcaMALqQJG6YSRJiUMw6hhY=",
        "owner": "nix-community",
        "repo": "home-manager",
        "rev": "b42fce7aaae71bbf5160d88b1772cd9167b03d1a",
        "type": "github"
      },
      "original": {
        "owner": "nix-community",
        "repo": "home-manager",
        "type": "github"
      }
    },
    "nixos-stable": {
      "locked": {
        "lastModified": 1635350005,
        "narHash": "sha256-tAMJnUwfaDEB2aa31jGcu7R7bzGELM9noc91L2PbVjg=",
        "owner": "nixos",
        "repo": "nixpkgs",
        "rev": "1c1f5649bb9c1b0d98637c8c365228f57126f361",
        "type": "github"
      },
      "original": {
        "owner": "nixos",
        "ref": "nixos-20.09",
        "repo": "nixpkgs",
        "type": "github"
      }
    },
    "nixpkgs": {
      "locked": {
        "lastModified": 1635861946,
        "narHash": "sha256-BZdj2SY5NvcTLfz1oOrhwJiSYw9zFjtNOOn2rycf35k=",
        "owner": "nixos",
        "repo": "nixpkgs",
        "rev": "6aa2086c9d4c63d68fc3e9f6f34e1f019b692d6b",
        "type": "github"
      },
      "original": {
        "owner": "nixos",
        "ref": "master",
        "repo": "nixpkgs",
        "type": "github"
      }
    },
    "nixpkgs-master": {
      "locked": {
        "lastModified": 1635861946,
        "narHash": "sha256-BZdj2SY5NvcTLfz1oOrhwJiSYw9zFjtNOOn2rycf35k=",
        "owner": "nixos",
        "repo": "nixpkgs",
        "rev": "6aa2086c9d4c63d68fc3e9f6f34e1f019b692d6b",
        "type": "github"
      },
      "original": {
        "owner": "nixos",
        "ref": "master",
        "repo": "nixpkgs",
        "type": "github"
      }
    },
    "nixpkgs-stable-darwin": {
      "locked": {
        "lastModified": 1635350005,
        "narHash": "sha256-tAMJnUwfaDEB2aa31jGcu7R7bzGELM9noc91L2PbVjg=",
        "owner": "nixos",
        "repo": "nixpkgs",
        "rev": "1c1f5649bb9c1b0d98637c8c365228f57126f361",
        "type": "github"
      },
      "original": {
        "owner": "nixos",
        "ref": "nixpkgs-20.09-darwin",
        "repo": "nixpkgs",
        "type": "github"
      }
    },
    "powerlevel10k": {
      "flake": false,
      "locked": {
        "lastModified": 1635834237,
        "narHash": "sha256-BoGgeDg1CrNnbU2SFqisJPVgWecAFZ2ri/p7q5Ss5aA=",
        "owner": "romkatv",
        "repo": "powerlevel10k",
        "rev": "d281e595b3ddf2f5ccefb0cd7bfa475222566186",
        "type": "github"
      },
      "original": {
        "owner": "romkatv",
        "repo": "powerlevel10k",
        "type": "github"
      }
    },
    "root": {
      "inputs": {
        "android-nixpkgs": "android-nixpkgs",
        "darwin": "darwin",
        "emacs-overlay": "emacs-overlay",
        "fast-syntax-highlighting": "fast-syntax-highlighting",
        "flake-compat": "flake-compat",
        "flake-utils": "flake-utils_2",
        "fzf-tab": "fzf-tab",
        "home-manager": "home-manager",
        "nixos-stable": "nixos-stable",
        "nixpkgs": "nixpkgs",
        "nixpkgs-master": "nixpkgs-master",
        "nixpkgs-stable-darwin": "nixpkgs-stable-darwin",
        "powerlevel10k": "powerlevel10k",
        "spacemacs": "spacemacs"
      }
    },
    "spacemacs": {
      "flake": false,
      "locked": {
        "lastModified": 1635084494,
        "narHash": "sha256-4DjCFQigEU6OcsAn/6vjUYO01KLilI3wqhS/Xn/UEH8=",
        "owner": "syl20bnr",
        "repo": "spacemacs",
        "rev": "4f7246da07e7eb1e07a26de23a80cd2d89a89a7c",
        "type": "github"
      },
      "original": {
        "owner": "syl20bnr",
        "ref": "develop",
        "repo": "spacemacs",
        "type": "github"
      }
    }
  },
  "root": "root",
  "version": 7
}
