{
  "nodes": {
    "android-nixpkgs": {
      "inputs": {
        "devshell": "devshell",
        "flake-utils": "flake-utils",
        "nixpkgs": [
          "nixpkgs"
        ]
      },
      "locked": {
        "lastModified": 1638476433,
        "narHash": "sha256-K4l69qtf5c9dkQvtCThIBtam9t5Nqj3cWKjEtTuLQIw=",
        "owner": "tadfisher",
        "repo": "android-nixpkgs",
        "rev": "db302a00e3548896aedc9c4e2daa53b511ae88ec",
        "type": "github"
      },
      "original": {
        "owner": "tadfisher",
        "repo": "android-nixpkgs",
        "type": "github"
      }
    },
    "darwin": {
      "inputs": {
        "nixpkgs": [
          "nixpkgs"
        ]
      },
      "locked": {
        "lastModified": 1622060422,
        "narHash": "sha256-hPVlvrAyf6zL7tTx0lpK+tMxEfZeMiIZ/A2xaJ41WOY=",
        "owner": "LnL7",
        "repo": "nix-darwin",
        "rev": "007d700e644ac588ad6668e6439950a5b6e2ff64",
        "type": "github"
      },
      "original": {
        "owner": "LnL7",
        "repo": "nix-darwin",
        "type": "github"
      }
    },
    "devshell": {
      "locked": {
        "lastModified": 1637575296,
        "narHash": "sha256-ZY8YR5u8aglZPe27+AJMnPTG6645WuavB+w0xmhTarw=",
        "owner": "numtide",
        "repo": "devshell",
        "rev": "0e56ef21ba1a717169953122c7415fa6a8cd2618",
        "type": "github"
      },
      "original": {
        "owner": "numtide",
        "repo": "devshell",
        "type": "github"
      }
    },
    "emacs-overlay": {
      "locked": {
        "lastModified": 1638497718,
        "narHash": "sha256-KoVCSZKy1CrWLKHNndkfKYI/Stf5ouun0FPcvVYx26o=",
        "owner": "nix-community",
        "repo": "emacs-overlay",
        "rev": "225d81933fe74ecd8dacc267a472f92159b832f4",
        "type": "github"
      },
      "original": {
        "owner": "nix-community",
        "repo": "emacs-overlay",
        "type": "github"
      }
    },
    "fast-syntax-highlighting": {
      "flake": false,
      "locked": {
        "lastModified": 1636856829,
        "narHash": "sha256-x+4C2u03RueNo6/ZXsueqmYoPIpDHnKAZXP5IiKsidE=",
        "owner": "zdharma-continuum",
        "repo": "fast-syntax-highlighting",
        "rev": "585c089968caa1c904cbe926ff04a1be9e3d8f42",
        "type": "github"
      },
      "original": {
        "owner": "zdharma-continuum",
        "repo": "fast-syntax-highlighting",
        "type": "github"
      }
    },
    "flake-compat": {
      "flake": false,
      "locked": {
        "lastModified": 1627913399,
        "narHash": "sha256-hY8g6H2KFL8ownSiFeMOjwPC8P0ueXpCVEbxgda3pko=",
        "owner": "edolstra",
        "repo": "flake-compat",
        "rev": "12c64ca55c1014cdc1b16ed5a804aa8576601ff2",
        "type": "github"
      },
      "original": {
        "owner": "edolstra",
        "repo": "flake-compat",
        "type": "github"
      }
    },
    "flake-utils": {
      "locked": {
        "lastModified": 1638122382,
        "narHash": "sha256-sQzZzAbvKEqN9s0bzWuYmRaA03v40gaJ4+iL1LXjaeI=",
        "owner": "numtide",
        "repo": "flake-utils",
        "rev": "74f7e4319258e287b0f9cb95426c9853b282730b",
        "type": "github"
      },
      "original": {
        "owner": "numtide",
        "repo": "flake-utils",
        "type": "github"
      }
    },
    "flake-utils_2": {
      "locked": {
        "lastModified": 1638122382,
        "narHash": "sha256-sQzZzAbvKEqN9s0bzWuYmRaA03v40gaJ4+iL1LXjaeI=",
        "owner": "numtide",
        "repo": "flake-utils",
        "rev": "74f7e4319258e287b0f9cb95426c9853b282730b",
        "type": "github"
      },
      "original": {
        "owner": "numtide",
        "repo": "flake-utils",
        "type": "github"
      }
    },
    "fzf-tab": {
      "flake": false,
      "locked": {
        "lastModified": 1638320849,
        "narHash": "sha256-u/xZ3omMEXinXkEtEGjRuzA8wu6pb5CnEUq3in4ZJuQ=",
        "owner": "Aloxaf",
        "repo": "fzf-tab",
        "rev": "50ed8af811329cd6379fc30e5f84b332da876f53",
        "type": "github"
      },
      "original": {
        "owner": "Aloxaf",
        "repo": "fzf-tab",
        "type": "github"
      }
    },
    "home-manager": {
      "inputs": {
        "nixpkgs": [
          "nixpkgs"
        ]
      },
      "locked": {
        "lastModified": 1624417001,
        "narHash": "sha256-IQZwbBBmvtNZGz1dogf2TcaMALqQJG6YSRJiUMw6hhY=",
        "owner": "nix-community",
        "repo": "home-manager",
        "rev": "b42fce7aaae71bbf5160d88b1772cd9167b03d1a",
        "type": "github"
      },
      "original": {
        "owner": "nix-community",
        "repo": "home-manager",
        "type": "github"
      }
    },
    "nixos-stable": {
      "locked": {
        "lastModified": 1635350005,
        "narHash": "sha256-tAMJnUwfaDEB2aa31jGcu7R7bzGELM9noc91L2PbVjg=",
        "owner": "nixos",
        "repo": "nixpkgs",
        "rev": "1c1f5649bb9c1b0d98637c8c365228f57126f361",
        "type": "github"
      },
      "original": {
        "owner": "nixos",
        "ref": "nixos-20.09",
        "repo": "nixpkgs",
        "type": "github"
      }
    },
    "nixpkgs": {
      "locked": {
        "lastModified": 1638523822,
        "narHash": "sha256-p8B9rC8h1lcthYofsGMuQIlzTNJH1izKz8Zb7X+jAM8=",
        "owner": "nixos",
        "repo": "nixpkgs",
        "rev": "bc0e3db2b6d097a54111d9c17eacc977fe9c856b",
        "type": "github"
      },
      "original": {
        "owner": "nixos",
        "ref": "master",
        "repo": "nixpkgs",
        "type": "github"
      }
    },
    "nixpkgs-master": {
      "locked": {
        "lastModified": 1635861946,
        "narHash": "sha256-BZdj2SY5NvcTLfz1oOrhwJiSYw9zFjtNOOn2rycf35k=",
        "owner": "nixos",
        "repo": "nixpkgs",
        "rev": "6aa2086c9d4c63d68fc3e9f6f34e1f019b692d6b",
        "type": "github"
      },
      "original": {
        "owner": "nixos",
        "ref": "master",
        "repo": "nixpkgs",
        "type": "github"
      }
    },
    "nixpkgs-stable-darwin": {
      "locked": {
        "lastModified": 1635350005,
        "narHash": "sha256-tAMJnUwfaDEB2aa31jGcu7R7bzGELM9noc91L2PbVjg=",
        "owner": "nixos",
        "repo": "nixpkgs",
        "rev": "1c1f5649bb9c1b0d98637c8c365228f57126f361",
        "type": "github"
      },
      "original": {
        "owner": "nixos",
        "ref": "nixpkgs-20.09-darwin",
        "repo": "nixpkgs",
        "type": "github"
      }
    },
    "powerlevel10k": {
      "flake": false,
      "locked": {
        "lastModified": 1636957611,
        "narHash": "sha256-XJ7gWcAq+xFqCbC3bTBWGTZ0ouftANInJ0fc2uptbco=",
        "owner": "romkatv",
        "repo": "powerlevel10k",
        "rev": "a9f208c8fc509b9c591169dd9758c48ad4325f76",
        "type": "github"
      },
      "original": {
        "owner": "romkatv",
        "repo": "powerlevel10k",
        "type": "github"
      }
    },
    "root": {
      "inputs": {
        "android-nixpkgs": "android-nixpkgs",
        "darwin": "darwin",
        "emacs-overlay": "emacs-overlay",
        "fast-syntax-highlighting": "fast-syntax-highlighting",
        "flake-compat": "flake-compat",
        "flake-utils": "flake-utils_2",
        "fzf-tab": "fzf-tab",
        "home-manager": "home-manager",
        "nixos-stable": "nixos-stable",
        "nixpkgs": "nixpkgs",
        "nixpkgs-master": "nixpkgs-master",
        "nixpkgs-stable-darwin": "nixpkgs-stable-darwin",
        "powerlevel10k": "powerlevel10k",
        "spacemacs": "spacemacs"
      }
    },
    "spacemacs": {
      "flake": false,
      "locked": {
        "lastModified": 1638300267,
        "narHash": "sha256-+XDqyGKC6EsW49241z5qf46GqOU/4UXYULXJbxQN8Pk=",
        "owner": "syl20bnr",
        "repo": "spacemacs",
        "rev": "17b5646e77c77563cded4e2ba2bbd4d114426a7a",
        "type": "github"
      },
      "original": {
        "owner": "syl20bnr",
        "ref": "develop",
        "repo": "spacemacs",
        "type": "github"
      }
    }
  },
  "root": "root",
  "version": 7
}
